engine: wing
definition:
  group: acme.com
  version: v1
  kind: Workload
  plural: workloads
  singular: workload
  categories: 
    - all
  listKind: WorkloadList
  shortNames:
    - "wl"
  outputs:
    - host
    - port
operator:
  namespace: acme-operators
  permissions:
    - apiGroups: ["*"]
      resources: ["*"]
      verbs: ["*"]